{
  "name": "backend",
  "version": "1.0.0",
  "lockfileVersion": 3,
  "requires": true,
  "packages": {
    "": {
      "name": "backend",
      "version": "1.0.0",
      "dependencies": {
        "@prisma/client": "^5.22.0",
        "bcryptjs": "^2.4.3",
        "bullmq": "^5.12.0",
        "cors": "^2.8.5",
        "dotenv": "^16.4.5",
        "exif-reader": "^2.0.3",
        "express": "^4.21.1",
        "express-rate-limit": "^7.4.1",
        "google-auth-library": "^10.6.2",
        "helmet": "^8.1.0",
        "ioredis": "^5.4.1",
        "jsonwebtoken": "^9.0.2",
        "libphonenumber-js": "^1.11.14",
        "multer": "^1.4.5-lts.1",
        "nodemailer": "^8.0.3",
        "pino": "^9.5.0",
        "pino-http": "^10.3.0",
        "rate-limit-redis": "^4.2.0",
        "uuid": "^10.0.0",
        "zod": "^4.3.6"
      },
      "devDependencies": {
        "@aws-sdk/client-s3": "^3.1006.0",
        "@aws-sdk/s3-request-presigner": "^3.1006.0",
        "@types/bcryptjs": "^2.4.6",
        "@types/cors": "^2.8.17",
        "@types/express": "^5.0.0",
        "@types/jsonwebtoken": "^9.0.7",
        "@types/multer": "^1.4.12",
        "@types/node": "^22.9.0",
        "@types/nodemailer": "^7.0.11",
        "@types/uuid": "^10.0.0",
        "pino-pretty": "^11.3.0",
        "prisma": "^5.22.0",
        "tsx": "^4.19.2",
        "typescript": "^5.6.3",
        "vitest": "^2.1.0"
      }
    },
    "../node_modules/.pnpm/@aws-sdk+client-s3@3.1006.0/node_modules/@aws-sdk/client-s3": {
      "version": "3.1006.0",
      "dev": true,
      "license": "Apache-2.0",
      "dependencies": {
        "@aws-crypto/sha1-browser": "5.2.0",
        "@aws-crypto/sha256-browser": "5.2.0",
        "@aws-crypto/sha256-js": "5.2.0",
        "@aws-sdk/core": "^3.973.19",
        "@aws-sdk/credential-provider-node": "^3.972.19",
        "@aws-sdk/middleware-bucket-endpoint": "^3.972.7",
        "@aws-sdk/middleware-expect-continue": "^3.972.7",
        "@aws-sdk/middleware-flexible-checksums": "^3.973.5",
        "@aws-sdk/middleware-host-header": "^3.972.7",
        "@aws-sdk/middleware-location-constraint": "^3.972.7",
        "@aws-sdk/middleware-logger": "^3.972.7",
        "@aws-sdk/middleware-recursion-detection": "^3.972.7",
        "@aws-sdk/middleware-sdk-s3": "^3.972.19",
        "@aws-sdk/middleware-ssec": "^3.972.7",
        "@aws-sdk/middleware-user-agent": "^3.972.20",
        "@aws-sdk/region-config-resolver": "^3.972.7",
        "@aws-sdk/signature-v4-multi-region": "^3.996.7",
        "@aws-sdk/types": "^3.973.5",
        "@aws-sdk/util-endpoints": "^3.996.4",
        "@aws-sdk/util-user-agent-browser": "^3.972.7",
        "@aws-sdk/util-user-agent-node": "^3.973.5",
        "@smithy/config-resolver": "^4.4.10",
        "@smithy/core": "^3.23.9",
        "@smithy/eventstream-serde-browser": "^4.2.11",
        "@smithy/eventstream-serde-config-resolver": "^4.3.11",
        "@smithy/eventstream-serde-node": "^4.2.11",
        "@smithy/fetch-http-handler": "^5.3.13",
        "@smithy/hash-blob-browser": "^4.2.12",
        "@smithy/hash-node": "^4.2.11",
        "@smithy/hash-stream-node": "^4.2.11",
        "@smithy/invalid-dependency": "^4.2.11",
        "@smithy/md5-js": "^4.2.11",
        "@smithy/middleware-content-length": "^4.2.11",
        "@smithy/middleware-endpoint": "^4.4.23",
        "@smithy/middleware-retry": "^4.4.40",
        "@smithy/middleware-serde": "^4.2.12",
        "@smithy/middleware-stack": "^4.2.11",
        "@smithy/node-config-provider": "^4.3.11",
        "@smithy/node-http-handler": "^4.4.14",
        "@smithy/protocol-http": "^5.3.11",
        "@smithy/smithy-client": "^4.12.3",
        "@smithy/types": "^4.13.0",
        "@smithy/url-parser": "^4.2.11",
        "@smithy/util-base64": "^4.3.2",
        "@smithy/util-body-length-browser": "^4.2.2",
        "@smithy/util-body-length-node": "^4.2.3",
        "@smithy/util-defaults-mode-browser": "^4.3.39",
        "@smithy/util-defaults-mode-node": "^4.2.42",
        "@smithy/util-endpoints": "^3.3.2",
        "@smithy/util-middleware": "^4.2.11",
        "@smithy/util-retry": "^4.2.11",
        "@smithy/util-stream": "^4.5.17",
        "@smithy/util-utf8": "^4.2.2",
        "@smithy/util-waiter": "^4.2.12",
        "tslib": "^2.6.2"
      },
      "devDependencies": {
        "@aws-sdk/signature-v4-crt": "3.1006.0",
        "@smithy/snapshot-testing": "^2.0.0",
        "@tsconfig/node20": "20.1.8",
        "@types/node": "^20.14.8",
        "concurrently": "7.0.0",
        "downlevel-dts": "0.10.1",
        "premove": "4.0.0",
        "typescript": "~5.8.3",
        "vitest": "^4.0.17"
      },
      "engines": {
        "node": ">=20.0.0"
      }
    },
    "../node_modules/.pnpm/@aws-sdk+s3-request-presigner@3.1006.0/node_modules/@aws-sdk/s3-request-presigner": {
      "version": "3.1006.0",
      "dev": true,
      "license": "Apache-2.0",
      "dependencies": {
        "@aws-sdk/signature-v4-multi-region": "^3.996.7",
        "@aws-sdk/types": "^3.973.5",
        "@aws-sdk/util-format-url": "^3.972.7",
        "@smithy/middleware-endpoint": "^4.4.23",
        "@smithy/protocol-http": "^5.3.11",
        "@smithy/smithy-client": "^4.12.3",
        "@smithy/types": "^4.13.0",
        "tslib": "^2.6.2"
      },
      "devDependencies": {
        "@aws-sdk/client-s3": "3.1006.0",
        "@smithy/hash-node": "^4.2.11",
        "@tsconfig/recommended": "1.0.1",
        "@types/node": "^20.14.8",
        "concurrently": "7.0.0",
        "downlevel-dts": "0.10.1",
        "premove": "4.0.0",
        "typescript": "~5.8.3"
      },
      "engines": {
        "node": ">=20.0.0"
      }
    },
    "../node_modules/.pnpm/@prisma+client@5.22.0_prisma@5.22.0/node_modules/@prisma/client": {
      "version": "5.22.0",
      "hasInstallScript": true,
      "license": "Apache-2.0",
      "devDependencies": {
        "@cloudflare/workers-types": "4.20240614.0",
        "@codspeed/benchmark.js-plugin": "3.1.1",
        "@faker-js/faker": "8.4.1",
        "@fast-check/jest": "1.8.2",
        "@inquirer/prompts": "5.0.5",
        "@jest/create-cache-key-function": "29.7.0",
        "@jest/globals": "29.7.0",
        "@jest/test-sequencer": "29.7.0",
        "@libsql/client": "0.8.0",
        "@neondatabase/serverless": "0.9.3",
        "@opentelemetry/api": "1.9.0",
        "@opentelemetry/context-async-hooks": "1.25.1",
        "@opentelemetry/instrumentation": "0.52.1",
        "@opentelemetry/resources": "1.25.1",
        "@opentelemetry/sdk-trace-base": "1.25.1",
        "@opentelemetry/semantic-conventions": "1.25.1",
        "@planetscale/database": "1.18.0",
        "@prisma/adapter-d1": "5.22.0",
        "@prisma/adapter-libsql": "5.22.0",
        "@prisma/adapter-neon": "5.22.0",
        "@prisma/adapter-pg": "5.22.0",
        "@prisma/adapter-pg-worker": "5.22.0",
        "@prisma/adapter-planetscale": "5.22.0",
        "@prisma/debug": "5.22.0",
        "@prisma/driver-adapter-utils": "5.22.0",
        "@prisma/engines": "5.22.0",
        "@prisma/engines-version": "5.22.0-44.605197351a3c8bdd595af2d2a9bc3025bca48ea2",
        "@prisma/fetch-engine": "5.22.0",
        "@prisma/generator-helper": "5.22.0",
        "@prisma/get-platform": "5.22.0",
        "@prisma/instrumentation": "5.22.0",
        "@prisma/internals": "5.22.0",
        "@prisma/migrate": "5.22.0",
        "@prisma/mini-proxy": "0.9.5",
        "@prisma/pg-worker": "5.22.0",
        "@prisma/query-engine-wasm": "5.22.0-44.605197351a3c8bdd595af2d2a9bc3025bca48ea2",
        "@snaplet/copycat": "0.17.3",
        "@swc-node/register": "1.10.9",
        "@swc/core": "1.6.13",
        "@swc/jest": "0.2.36",
        "@timsuchanek/copy": "1.4.5",
        "@types/debug": "4.1.12",
        "@types/fs-extra": "9.0.13",
        "@types/jest": "29.5.12",
        "@types/js-levenshtein": "1.1.3",
        "@types/mssql": "9.1.5",
        "@types/node": "18.19.31",
        "@types/pg": "8.11.6",
        "arg": "5.0.2",
        "benchmark": "2.1.4",
        "ci-info": "4.0.0",
        "decimal.js": "10.4.3",
        "detect-runtime": "1.0.4",
        "env-paths": "2.2.1",
        "esbuild": "0.23.0",
        "execa": "5.1.1",
        "expect-type": "0.19.0",
        "flat-map-polyfill": "0.3.8",
        "fs-extra": "11.1.1",
        "get-stream": "6.0.1",
        "globby": "11.1.0",
        "indent-string": "4.0.0",
        "jest": "29.7.0",
        "jest-extended": "4.0.2",
        "jest-junit": "16.0.0",
        "jest-serializer-ansi-escapes": "3.0.0",
        "jest-snapshot": "29.7.0",
        "js-levenshtein": "1.1.6",
        "kleur": "4.1.5",
        "klona": "2.0.6",
        "mariadb": "3.3.1",
        "memfs": "4.9.3",
        "mssql": "11.0.1",
        "new-github-issue-url": "0.2.1",
        "node-fetch": "3.3.2",
        "p-retry": "4.6.2",
        "pg": "8.11.5",
        "pkg-up": "3.1.0",
        "pluralize": "8.0.0",
        "resolve": "1.22.8",
        "rimraf": "3.0.2",
        "simple-statistics": "7.8.5",
        "sort-keys": "4.2.0",
        "source-map-support": "0.5.21",
        "sql-template-tag": "5.2.1",
        "stacktrace-parser": "0.1.10",
        "strip-ansi": "6.0.1",
        "strip-indent": "3.0.0",
        "ts-node": "10.9.2",
        "ts-pattern": "5.2.0",
        "tsd": "0.31.1",
        "typescript": "5.4.5",
        "undici": "5.28.4",
        "wrangler": "3.62.0",
        "zx": "7.2.3"
      },
      "engines": {
        "node": ">=16.13"
      },
      "peerDependencies": {
        "prisma": "*"
      },
      "peerDependenciesMeta": {
        "prisma": {
          "optional": true
        }
      }
    },
    "../node_modules/.pnpm/@types+bcryptjs@2.4.6/node_modules/@types/bcryptjs": {
      "version": "2.4.6",
      "dev": true,
      "license": "MIT"
    },
    "../node_modules/.pnpm/@types+cors@2.8.19/node_modules/@types/cors": {
      "version": "2.8.19",
      "dev": true,
      "license": "MIT",
      "dependencies": {
        "@types/node": "*"
      }
    },
    "../node_modules/.pnpm/@types+express@5.0.6/node_modules/@types/express": {
      "version": "5.0.6",
      "dev": true,
      "license": "MIT",
      "dependencies": {
        "@types/body-parser": "*",
        "@types/express-serve-static-core": "^5.0.0",
        "@types/serve-static": "^2"
      }
    },
    "../node_modules/.pnpm/@types+jsonwebtoken@9.0.10/node_modules/@types/jsonwebtoken": {
      "version": "9.0.10",
      "dev": true,
      "license": "MIT",
      "dependencies": {
        "@types/ms": "*",
        "@types/node": "*"
      }
    },
    "../node_modules/.pnpm/@types+multer@1.4.13/node_modules/@types/multer": {
      "version": "1.4.13",
      "dev": true,
      "license": "MIT",
      "dependencies": {
        "@types/express": "*"
      }
    },
    "../node_modules/.pnpm/@types+node@22.19.15/node_modules/@types/node": {
      "version": "22.19.15",
      "dev": true,
      "license": "MIT",
      "dependencies": {
        "undici-types": "~6.21.0"
      }
    },
    "../node_modules/.pnpm/@types+nodemailer@7.0.11/node_modules/@types/nodemailer": {
      "version": "7.0.11",
      "dev": true,
      "license": "MIT",
      "dependencies": {
        "@types/node": "*"
      }
    },
    "../node_modules/.pnpm/@types+uuid@10.0.0/node_modules/@types/uuid": {
      "version": "10.0.0",
      "dev": true,
      "license": "MIT"
    },
    "../node_modules/.pnpm/bcryptjs@2.4.3/node_modules/bcryptjs": {
      "version": "2.4.3",
      "license": "MIT",
      "devDependencies": {
        "bcrypt": "latest",
        "closurecompiler": "~1",
        "metascript": "~0.18",
        "testjs": "~1",
        "utfx": "~1"
      }
    },
    "../node_modules/.pnpm/bullmq@5.70.4/node_modules/bullmq": {
      "version": "5.70.4",
      "license": "MIT",
      "dependencies": {
        "cron-parser": "4.9.0",
        "ioredis": "5.9.3",
        "msgpackr": "1.11.5",
        "node-abort-controller": "3.1.1",
        "semver": "7.7.4",
        "tslib": "2.8.1",
        "uuid": "11.1.0"
      },
      "devDependencies": {
        "@commitlint/cli": "^20.4.2",
        "@commitlint/config-conventional": "20.4.3",
        "@semantic-release/changelog": "6.0.3",
        "@semantic-release/commit-analyzer": "13.0.1",
        "@semantic-release/exec": "7.1.0",
        "@semantic-release/git": "10.0.1",
        "@semantic-release/github": "12.0.6",
        "@semantic-release/npm": "13.1.5",
        "@semantic-release/release-notes-generator": "14.1.0",
        "@types/lodash.defaults": "4.2.9",
        "@types/lodash.isarguments": "3.1.9",
        "@types/msgpack": "0.0.34",
        "@types/node": "18.19.130",
        "@types/semver": "7.7.1",
        "@types/sinon": "10.0.20",
        "@typescript-eslint/eslint-plugin": "8.56.1",
        "@typescript-eslint/parser": "8.56.1",
        "@vitest/coverage-v8": "4.0.18",
        "coveralls-next": "6.0.1",
        "cpx2": "8.0.0",
        "eslint": "9.39.2",
        "eslint-config-prettier": "8.10.2",
        "eslint-plugin-prettier": "4.2.5",
        "eslint-plugin-promise": "7.2.1",
        "eslint-plugin-tsdoc": "^0.5.0",
        "fast-glob": "3.3.3",
        "globals": "15.15.0",
        "husky": "9.1.7",
        "lint-staged": "16.3.2",
        "madge": "8.0.0",
        "minimatch": "10.2.4",
        "moment": "2.30.1",
        "prettier": "3.8.1",
        "pretty-quick": "4.2.2",
        "progress": "2.0.3",
        "rimraf": "6.1.3",
        "rrule": "2.8.1",
        "semantic-release": "25.0.3",
        "sinon": "21.0.1",
        "test-console": "2.0.0",
        "ts-node": "10.9.2",
        "typedoc": "0.28.17",
        "typescript": "5.9.3",
        "vitest": "4.0.18"
      }
    },
    "../node_modules/.pnpm/cors@2.8.6/node_modules/cors": {
      "version": "2.8.6",
      "license": "MIT",
      "dependencies": {
        "object-assign": "^4",
        "vary": "^1"
      },
      "devDependencies": {
        "after": "0.8.2",
        "eslint": "7.30.0",
        "express": "4.21.2",
        "mocha": "9.2.2",
        "nyc": "15.1.0",
        "supertest": "6.1.3"
      },
      "engines": {
        "node": ">= 0.10"
      },
      "funding": {
        "type": "opencollective",
        "url": "https://opencollective.com/express"
      }
    },
    "../node_modules/.pnpm/dotenv@16.6.1/node_modules/dotenv": {
      "version": "16.6.1",
      "license": "BSD-2-Clause",
      "devDependencies": {
        "@types/node": "^18.11.3",
        "decache": "^4.6.2",
        "sinon": "^14.0.1",
        "standard": "^17.0.0",
        "standard-version": "^9.5.0",
        "tap": "^19.2.0",
        "typescript": "^4.8.4"
      },
      "engines": {
        "node": ">=12"
      },
      "funding": {
        "url": "https://dotenvx.com"
      }
    },
    "../node_modules/.pnpm/express-rate-limit@7.5.1_express@4.22.1/node_modules/express-rate-limit": {
      "version": "7.5.1",
      "license": "MIT",
      "devDependencies": {
        "@express-rate-limit/prettier": "1.1.1",
        "@express-rate-limit/tsconfig": "1.0.2",
        "@jest/globals": "29.7.0",
        "@types/express": "4.17.20",
        "@types/jest": "29.5.6",
        "@types/node": "20.8.7",
        "@types/supertest": "2.0.15",
        "del-cli": "5.1.0",
        "dts-bundle-generator": "8.0.1",
        "esbuild": "0.25.0",
        "express": "4.21.1",
        "husky": "8.0.3",
        "jest": "29.7.0",
        "lint-staged": "15.0.2",
        "mintlify": "4.0.63",
        "npm-run-all": "4.1.5",
        "ratelimit-header-parser": "0.1.0",
        "supertest": "6.3.3",
        "ts-jest": "29.1.1",
        "ts-node": "10.9.1",
        "typescript": "5.2.2",
        "xo": "0.56.0"
      },
      "engines": {
        "node": ">= 16"
      },
      "funding": {
        "url": "https://github.com/sponsors/express-rate-limit"
      },
      "peerDependencies": {
        "express": ">= 4.11"
      }
    },
    "../node_modules/.pnpm/express@4.22.1/node_modules/express": {
      "version": "4.22.1",
      "license": "MIT",
      "dependencies": {
        "accepts": "~1.3.8",
        "array-flatten": "1.1.1",
        "body-parser": "~1.20.3",
        "content-disposition": "~0.5.4",
        "content-type": "~1.0.4",
        "cookie": "~0.7.1",
        "cookie-signature": "~1.0.6",
        "debug": "2.6.9",
        "depd": "2.0.0",
        "encodeurl": "~2.0.0",
        "escape-html": "~1.0.3",
        "etag": "~1.8.1",
        "finalhandler": "~1.3.1",
        "fresh": "~0.5.2",
        "http-errors": "~2.0.0",
        "merge-descriptors": "1.0.3",
        "methods": "~1.1.2",
        "on-finished": "~2.4.1",
        "parseurl": "~1.3.3",
        "path-to-regexp": "~0.1.12",
        "proxy-addr": "~2.0.7",
        "qs": "~6.14.0",
        "range-parser": "~1.2.1",
        "safe-buffer": "5.2.1",
        "send": "~0.19.0",
        "serve-static": "~1.16.2",
        "setprototypeof": "1.2.0",
        "statuses": "~2.0.1",
        "type-is": "~1.6.18",
        "utils-merge": "1.0.1",
        "vary": "~1.1.2"
      },
      "devDependencies": {
        "after": "0.8.2",
        "connect-redis": "3.4.2",
        "cookie-parser": "1.4.6",
        "cookie-session": "2.0.0",
        "ejs": "3.1.9",
        "eslint": "8.47.0",
        "express-session": "1.17.2",
        "hbs": "4.2.0",
        "marked": "0.7.0",
        "method-override": "3.0.0",
        "mocha": "^6.2.2",
        "morgan": "1.10.0",
        "nyc": "^14.1.1",
        "pbkdf2-password": "1.2.1",
        "supertest": "^6.1.6",
        "vhost": "~3.0.2"
      },
      "engines": {
        "node": ">= 0.10.0"
      },
      "funding": {
        "type": "opencollective",
        "url": "https://opencollective.com/express"
      }
    },
    "../node_modules/.pnpm/google-auth-library@10.6.2/node_modules/google-auth-library": {
      "version": "10.6.2",
      "license": "Apache-2.0",
      "dependencies": {
        "base64-js": "^1.3.0",
        "ecdsa-sig-formatter": "^1.0.11",
        "gaxios": "^7.1.4",
        "gcp-metadata": "8.1.2",
        "google-logging-utils": "1.1.3",
        "jws": "^4.0.0"
      },
      "devDependencies": {
        "@types/base64-js": "^1.2.5",
        "@types/jws": "^3.1.0",
        "@types/mocha": "^10.0.10",
        "@types/mv": "^2.1.0",
        "@types/ncp": "^2.0.8",
        "@types/node": "^24.0.0",
        "@types/sinon": "^21.0.0",
        "assert-rejects": "^1.0.0",
        "c8": "^10.1.3",
        "codecov": "^3.8.3",
        "gts": "^6.0.2",
        "is-docker": "^3.0.0",
        "jsdoc": "^4.0.4",
        "jsdoc-fresh": "^5.0.0",
        "jsdoc-region-tag": "^4.0.0",
        "karma": "^6.0.0",
        "karma-chrome-launcher": "^3.0.0",
        "karma-coverage": "^2.0.0",
        "karma-firefox-launcher": "^2.0.0",
        "karma-mocha": "^2.0.0",
        "karma-sourcemap-loader": "^0.4.0",
        "karma-webpack": "^5.0.1",
        "keypair": "^1.0.4",
        "mocha": "^11.1.0",
        "mv": "^2.1.1",
        "ncp": "^2.0.0",
        "nock": "^14.0.5",
        "null-loader": "^4.0.1",
        "puppeteer": "^24.0.0",
        "sinon": "^21.0.0",
        "ts-loader": "^9.5.2",
        "typescript": "5.8.3",
        "webpack": "^5.97.1",
        "webpack-cli": "^6.0.1"
      },
      "engines": {
        "node": ">=18"
      }
    },
    "../node_modules/.pnpm/helmet@8.1.0/node_modules/helmet": {
      "version": "8.1.0",
      "license": "MIT",
      "engines": {
        "node": ">=18.0.0"
      }
    },
    "../node_modules/.pnpm/ioredis@5.10.0/node_modules/ioredis": {
      "version": "5.10.0",
      "license": "MIT",
      "dependencies": {
        "@ioredis/commands": "1.5.1",
        "cluster-key-slot": "^1.1.0",
        "debug": "^4.3.4",
        "denque": "^2.1.0",
        "lodash.defaults": "^4.2.0",
        "lodash.isarguments": "^3.1.0",
        "redis-errors": "^1.2.0",
        "redis-parser": "^3.0.0",
        "standard-as-callback": "^2.1.0"
      },
      "devDependencies": {
        "@ioredis/interface-generator": "^1.3.0",
        "@semantic-release/changelog": "^6.0.1",
        "@semantic-release/commit-analyzer": "^9.0.2",
        "@semantic-release/git": "^10.0.1",
        "@types/chai": "^4.3.0",
        "@types/chai-as-promised": "^7.1.5",
        "@types/debug": "^4.1.5",
        "@types/lodash.defaults": "^4.2.7",
        "@types/lodash.isarguments": "^3.1.7",
        "@types/mocha": "^9.1.0",
        "@types/node": "^14.18.12",
        "@types/redis-errors": "^1.2.1",
        "@types/sinon": "^10.0.11",
        "@typescript-eslint/eslint-plugin": "^5.48.1",
        "@typescript-eslint/parser": "^5.48.1",
        "chai": "^4.3.6",
        "chai-as-promised": "^7.1.1",
        "eslint": "^8.31.0",
        "eslint-config-prettier": "^8.6.0",
        "mocha": "^9.2.1",
        "nyc": "^15.1.0",
        "prettier": "^2.6.1",
        "semantic-release": "^19.0.2",
        "server-destroy": "^1.0.1",
        "sinon": "^13.0.1",
        "ts-node": "^10.4.0",
        "tsd": "^0.19.1",
        "typedoc": "^0.22.18",
        "typescript": "^4.6.3",
        "uuid": "^9.0.0"
      },
      "engines": {
        "node": ">=12.22.0"
      },
      "funding": {
        "type": "opencollective",
        "url": "https://opencollective.com/ioredis"
      }
    },
    "../node_modules/.pnpm/jsonwebtoken@9.0.3/node_modules/jsonwebtoken": {
      "version": "9.0.3",
      "license": "MIT",
      "dependencies": {
        "jws": "^4.0.1",
        "lodash.includes": "^4.3.0",
        "lodash.isboolean": "^3.0.3",
        "lodash.isinteger": "^4.0.4",
        "lodash.isnumber": "^3.0.3",
        "lodash.isplainobject": "^4.0.6",
        "lodash.isstring": "^4.0.1",
        "lodash.once": "^4.0.0",
        "ms": "^2.1.1",
        "semver": "^7.5.4"
      },
      "devDependencies": {
        "atob": "^2.1.2",
        "chai": "^4.1.2",
        "conventional-changelog": "~1.1.0",
        "eslint": "^4.19.1",
        "mocha": "^5.2.0",
        "nsp": "^2.6.2",
        "nyc": "^11.9.0",
        "sinon": "^6.0.0"
      },
      "engines": {
        "node": ">=12",
        "npm": ">=6"
      }
    },
    "../node_modules/.pnpm/libphonenumber-js@1.12.39/node_modules/libphonenumber-js": {
      "version": "1.12.39",
      "license": "MIT",
      "devDependencies": {
        "@babel/cli": "^7.28.0",
        "@babel/core": "^7.28.0",
        "@babel/plugin-syntax-import-assertions": "^7.27.1",
        "@babel/plugin-transform-for-of": "^7.27.1",
        "@babel/preset-env": "^7.28.0",
        "@babel/register": "^7.27.1",
        "@rollup/plugin-json": "^6.1.0",
        "@rollup/plugin-terser": "^0.4.4",
        "babel-plugin-istanbul": "^7.0.0",
        "chai": "^5.2.1",
        "cpy-cli": "^5.0.0",
        "crlf": "^1.1.1",
        "cross-env": "^10.0.0",
        "gmail-send": "^1.8.14",
        "istanbul": "^1.1.0-alpha.1",
        "jest": "^30.0.5",
        "jest-codemods": "^0.34.2",
        "libphonenumber-metadata-generator": "^2.0.4",
        "minimist": "^1.2.8",
        "mocha": "^10.0.0",
        "npm-run-all": "^4.1.5",
        "nyc": "^17.1.0",
        "renamer": "^5.0.2",
        "replace-in-file": "^8.3.0",
        "rimraf": "^6.0.1",
        "rollup": "^4.46.2",
        "tslib": "^2.8.1"
      }
    },
    "../node_modules/.pnpm/multer@1.4.5-lts.2/node_modules/multer": {
      "version": "1.4.5-lts.2",
      "license": "MIT",
      "dependencies": {
        "append-field": "^1.0.0",
        "busboy": "^1.0.0",
        "concat-stream": "^1.5.2",
        "mkdirp": "^0.5.4",
        "object-assign": "^4.1.1",
        "type-is": "^1.6.4",
        "xtend": "^4.0.0"
      },
      "devDependencies": {
        "deep-equal": "^2.0.3",
        "express": "^4.13.1",
        "form-data": "^1.0.0-rc1",
        "fs-temp": "^1.1.2",
        "mocha": "^3.5.3",
        "rimraf": "^2.4.1",
        "standard": "^14.3.3",
        "testdata-w3c-json-form": "^1.0.0"
      },
      "engines": {
        "node": ">= 6.0.0"
      }
    },
    "../node_modules/.pnpm/nodemailer@8.0.3/node_modules/nodemailer": {
      "version": "8.0.3",
      "license": "MIT-0",
      "devDependencies": {
        "@aws-sdk/client-sesv2": "3.1011.0",
        "bunyan": "1.8.15",
        "c8": "11.0.0",
        "eslint": "10.0.3",
        "eslint-config-prettier": "10.1.8",
        "globals": "17.4.0",
        "libbase64": "1.3.0",
        "libmime": "5.3.7",
        "libqp": "2.1.1",
        "nodemailer-ntlm-auth": "1.0.4",
        "prettier": "3.8.1",
        "proxy": "1.0.2",
        "proxy-test-server": "1.0.0",
        "smtp-server": "3.18.1"
      },
      "engines": {
        "node": ">=6.0.0"
      }
    },
    "../node_modules/.pnpm/pino-http@10.5.0/node_modules/pino-http": {
      "version": "10.5.0",
      "license": "MIT",
      "dependencies": {
        "get-caller-file": "^2.0.5",
        "pino": "^9.0.0",
        "pino-std-serializers": "^7.0.0",
        "process-warning": "^5.0.0"
      },
      "devDependencies": {
        "@fastify/pre-commit": "^2.0.2",
        "@types/node": "^22.0.0",
        "autocannon": "^8.0.0",
        "coveralls": "^3.0.0",
        "http-ndjson": "^3.1.0",
        "pino-http-print": "^3.1.0",
        "pino-pretty": "^13.0.0",
        "pre-commit": "^1.1.2",
        "split2": "^4.0.0",
        "standard": "^17.0.0",
        "tap": "^18.7.2",
        "ts-node": "^10.3.0",
        "tsd": "^0.32.0",
        "typescript": "~5.8.2"
      }
    },
    "../node_modules/.pnpm/pino-pretty@11.3.0/node_modules/pino-pretty": {
      "version": "11.3.0",
      "dev": true,
      "license": "MIT",
      "dependencies": {
        "colorette": "^2.0.7",
        "dateformat": "^4.6.3",
        "fast-copy": "^3.0.2",
        "fast-safe-stringify": "^2.1.1",
        "help-me": "^5.0.0",
        "joycon": "^3.1.1",
        "minimist": "^1.2.6",
        "on-exit-leak-free": "^2.1.0",
        "pino-abstract-transport": "^2.0.0",
        "pump": "^3.0.0",
        "readable-stream": "^4.0.0",
        "secure-json-parse": "^2.4.0",
        "sonic-boom": "^4.0.1",
        "strip-json-comments": "^3.1.1"
      },
      "bin": {
        "pino-pretty": "bin.js"
      },
      "devDependencies": {
        "@arethetypeswrong/cli": "^0.16.1",
        "@types/node": "^22.0.0",
        "fastbench": "^1.0.1",
        "pino": "^9.0.0",
        "pre-commit": "^1.2.2",
        "rimraf": "^3.0.2",
        "semver": "^7.6.0",
        "snazzy": "^9.0.0",
        "standard": "^17.0.0",
        "tap": "^16.0.0",
        "tsd": "^0.31.0",
        "typescript": "^5.0.2"
      }
    },
    "../node_modules/.pnpm/pino@9.14.0/node_modules/pino": {
      "version": "9.14.0",
      "license": "MIT",
      "dependencies": {
        "@pinojs/redact": "^0.4.0",
        "atomic-sleep": "^1.0.0",
        "on-exit-leak-free": "^2.1.0",
        "pino-abstract-transport": "^2.0.0",
        "pino-std-serializers": "^7.0.0",
        "process-warning": "^5.0.0",
        "quick-format-unescaped": "^4.0.3",
        "real-require": "^0.2.0",
        "safe-stable-stringify": "^2.3.1",
        "sonic-boom": "^4.0.1",
        "thread-stream": "^3.0.0"
      },
      "bin": {
        "pino": "bin.js"
      },
      "devDependencies": {
        "@arethetypeswrong/cli": "^0.18.1",
        "@matteo.collina/tspl": "^0.2.0",
        "@types/flush-write-stream": "^1.0.0",
        "@types/node": "^24.0.8",
        "@types/tap": "^15.0.6",
        "@yao-pkg/pkg": "6.7.0",
        "airtap": "5.0.0",
        "bole": "^5.0.5",
        "bunyan": "^1.8.14",
        "debug": "^4.3.4",
        "docsify-cli": "^4.4.4",
        "eslint": "^8.17.0",
        "eslint-config-standard": "^17.0.0",
        "eslint-plugin-import": "^2.26.0",
        "eslint-plugin-n": "15.7.0",
        "eslint-plugin-node": "^11.1.0",
        "eslint-plugin-promise": "^6.0.0",
        "execa": "^5.0.0",
        "fastbench": "^1.0.1",
        "flush-write-stream": "^2.0.0",
        "import-fresh": "^3.2.1",
        "jest": "^30.0.3",
        "log": "^6.0.0",
        "loglevel": "^1.6.7",
        "midnight-smoker": "1.1.1",
        "pino-pretty": "^13.0.0",
        "pre-commit": "^1.2.2",
        "proxyquire": "^2.1.3",
        "pump": "^3.0.0",
        "rimraf": "^6.0.1",
        "semver": "^7.3.7",
        "sinon": "^21.0.0",
        "split2": "^4.0.0",
        "steed": "^1.1.3",
        "strip-ansi": "^6.0.0",
        "tap": "^16.2.0",
        "tape": "^5.5.3",
        "through2": "^4.0.0",
        "ts-node": "^10.9.1",
        "tsd": "^0.33.0",
        "typescript": "~5.9.2",
        "winston": "^3.7.2"
      }
    },
    "../node_modules/.pnpm/prisma@5.22.0/node_modules/prisma": {
      "version": "5.22.0",
      "dev": true,
      "hasInstallScript": true,
      "license": "Apache-2.0",
      "dependencies": {
        "@prisma/engines": "5.22.0"
      },
      "bin": {
        "prisma": "build/index.js"
      },
      "devDependencies": {
        "@prisma/client": "5.22.0",
        "@prisma/debug": "5.22.0",
        "@prisma/fetch-engine": "5.22.0",
        "@prisma/generator-helper": "5.22.0",
        "@prisma/get-platform": "5.22.0",
        "@prisma/internals": "5.22.0",
        "@prisma/migrate": "5.22.0",
        "@prisma/mini-proxy": "0.9.5",
        "@prisma/studio": "0.503.0",
        "@prisma/studio-server": "0.503.0",
        "@swc/core": "1.6.13",
        "@swc/jest": "0.2.36",
        "@types/debug": "4.1.12",
        "@types/fs-extra": "9.0.13",
        "@types/jest": "29.5.12",
        "@types/node": "18.19.31",
        "@types/rimraf": "3.0.2",
        "async-listen": "3.0.1",
        "checkpoint-client": "1.1.33",
        "chokidar": "3.6.0",
        "debug": "4.3.6",
        "dotenv": "16.0.3",
        "esbuild": "0.23.0",
        "execa": "5.1.1",
        "fast-glob": "3.3.2",
        "fs-extra": "11.1.1",
        "fs-jetpack": "5.1.0",
        "get-port": "5.1.1",
        "global-dirs": "4.0.0",
        "jest": "29.7.0",
        "jest-junit": "16.0.0",
        "kleur": "4.1.5",
        "line-replace": "2.0.1",
        "log-update": "4.0.0",
        "node-fetch": "3.3.2",
        "npm-packlist": "5.1.3",
        "open": "7.4.2",
        "pkg-up": "3.1.0",
        "resolve-pkg": "2.0.0",
        "rimraf": "3.0.2",
        "strip-ansi": "6.0.1",
        "ts-pattern": "5.2.0",
        "typescript": "5.4.5",
        "xdg-app-paths": "8.3.0",
        "zx": "7.2.3"
      },
      "engines": {
        "node": ">=16.13"
      },
      "optionalDependencies": {
        "fsevents": "2.3.3"
      }
    },
    "../node_modules/.pnpm/rate-limit-redis@4.3.1_expr_b6b31b0958f1233cae7a650f7717c7f9/node_modules/rate-limit-redis": {
      "version": "4.3.1",
      "license": "MIT",
      "devDependencies": {
        "@express-rate-limit/prettier": "1.1.0",
        "@express-rate-limit/tsconfig": "1.0.0",
        "@jest/globals": "29.7.0",
        "@types/express": "4.17.17",
        "@types/ioredis-mock": "8.2.2",
        "@types/jest": "29.5.4",
        "@types/node": "20.6.1",
        "cross-env": "7.0.3",
        "del-cli": "5.1.0",
        "dts-bundle-generator": "8.0.1",
        "esbuild": "0.25.0",
        "express": "4.21.1",
        "express-rate-limit": "7.0.0",
        "husky": "8.0.3",
        "ioredis": "5.3.2",
        "ioredis-mock": "8.8.3",
        "jest": "29.7.0",
        "lint-staged": "14.0.1",
        "npm-run-all": "4.1.5",
        "pkgroll": "2.20.1",
        "prettier": "3.0.3",
        "serve": "14.2.5",
        "ts-jest": "29.1.1",
        "ts-node": "10.9.1",
        "typescript": "5.2.2",
        "xo": "0.56.0"
      },
      "engines": {
        "node": ">= 16"
      },
      "peerDependencies": {
        "express-rate-limit": ">= 6"
      }
    },
    "../node_modules/.pnpm/tsx@4.21.0/node_modules/tsx": {
      "version": "4.21.0",
      "dev": true,
      "license": "MIT",
      "dependencies": {
        "esbuild": "~0.27.0",
        "get-tsconfig": "^4.7.5"
      },
      "bin": {
        "tsx": "dist/cli.mjs"
      },
      "engines": {
        "node": ">=18.0.0"
      },
      "optionalDependencies": {
        "fsevents": "~2.3.3"
      }
    },
    "../node_modules/.pnpm/typescript@5.9.3/node_modules/typescript": {
      "version": "5.9.3",
      "dev": true,
      "license": "Apache-2.0",
      "bin": {
        "tsc": "bin/tsc",
        "tsserver": "bin/tsserver"
      },
      "devDependencies": {
        "@dprint/formatter": "^0.4.1",
        "@dprint/typescript": "0.93.4",
        "@esfx/canceltoken": "^1.0.0",
        "@eslint/js": "^9.20.0",
        "@octokit/rest": "^21.1.1",
        "@types/chai": "^4.3.20",
        "@types/diff": "^7.0.1",
        "@types/minimist": "^1.2.5",
        "@types/mocha": "^10.0.10",
        "@types/ms": "^0.7.34",
        "@types/node": "latest",
        "@types/source-map-support": "^0.5.10",
        "@types/which": "^3.0.4",
        "@typescript-eslint/rule-tester": "^8.24.1",
        "@typescript-eslint/type-utils": "^8.24.1",
        "@typescript-eslint/utils": "^8.24.1",
        "azure-devops-node-api": "^14.1.0",
        "c8": "^10.1.3",
        "chai": "^4.5.0",
        "chokidar": "^4.0.3",
        "diff": "^7.0.0",
        "dprint": "^0.49.0",
        "esbuild": "^0.25.0",
        "eslint": "^9.20.1",
        "eslint-formatter-autolinkable-stylish": "^1.4.0",
        "eslint-plugin-regexp": "^2.7.0",
        "fast-xml-parser": "^4.5.2",
        "glob": "^10.4.5",
        "globals": "^15.15.0",
        "hereby": "^1.10.0",
        "jsonc-parser": "^3.3.1",
        "knip": "^5.44.4",
        "minimist": "^1.2.8",
        "mocha": "^10.8.2",
        "mocha-fivemat-progress-reporter": "^0.1.0",
        "monocart-coverage-reports": "^2.12.1",
        "ms": "^2.1.3",
        "picocolors": "^1.1.1",
        "playwright": "^1.50.1",
        "source-map-support": "^0.5.21",
        "tslib": "^2.8.1",
        "typescript": "^5.7.3",
        "typescript-eslint": "^8.24.1",
        "which": "^3.0.1"
      },
      "engines": {
        "node": ">=14.17"
      }
    },
    "../node_modules/.pnpm/uuid@10.0.0/node_modules/uuid": {
      "version": "10.0.0",
      "funding": [
        "https://github.com/sponsors/broofa",
        "https://github.com/sponsors/ctavan"
      ],
      "license": "MIT",
      "bin": {
        "uuid": "dist/bin/uuid"
      },
      "devDependencies": {
        "@babel/cli": "7.24.6",
        "@babel/core": "7.24.6",
        "@babel/eslint-parser": "7.24.6",
        "@babel/plugin-syntax-import-attributes": "7.24.6",
        "@babel/preset-env": "7.24.6",
        "@commitlint/cli": "19.3.0",
        "@commitlint/config-conventional": "19.2.2",
        "@wdio/browserstack-service": "7.16.10",
        "@wdio/cli": "7.16.10",
        "@wdio/jasmine-framework": "7.16.6",
        "@wdio/local-runner": "7.16.10",
        "@wdio/spec-reporter": "7.16.9",
        "@wdio/static-server-service": "7.16.6",
        "bundlewatch": "0.3.3",
        "eslint": "9.4.0",
        "eslint-plugin-prettier": "5.1.3",
        "globals": "15.3.0",
        "husky": "9.0.11",
        "jest": "29.7.0",
        "lint-staged": "15.2.5",
        "neostandard": "0.5.1",
        "npm-run-all": "4.1.5",
        "optional-dev-dependency": "2.0.1",
        "prettier": "3.3.0",
        "random-seed": "0.3.0",
        "runmd": "1.3.9",
        "standard-version": "9.5.0"
      }
    },
    "../node_modules/.pnpm/vitest@2.1.9_@types+node@22.19.15/node_modules/vitest": {
      "version": "2.1.9",
      "dev": true,
      "license": "MIT",
      "dependencies": {
        "@vitest/expect": "2.1.9",
        "@vitest/mocker": "2.1.9",
        "@vitest/pretty-format": "^2.1.9",
        "@vitest/runner": "2.1.9",
        "@vitest/snapshot": "2.1.9",
        "@vitest/spy": "2.1.9",
        "@vitest/utils": "2.1.9",
        "chai": "^5.1.2",
        "debug": "^4.3.7",
        "expect-type": "^1.1.0",
        "magic-string": "^0.30.12",
        "pathe": "^1.1.2",
        "std-env": "^3.8.0",
        "tinybench": "^2.9.0",
        "tinyexec": "^0.3.1",
        "tinypool": "^1.0.1",
        "tinyrainbow": "^1.2.0",
        "vite": "^5.0.0",
        "vite-node": "2.1.9",
        "why-is-node-running": "^2.3.0"
      },
      "bin": {
        "vitest": "vitest.mjs"
      },
      "devDependencies": {
        "@ampproject/remapping": "^2.3.0",
        "@antfu/install-pkg": "^0.4.1",
        "@edge-runtime/vm": "^4.0.4",
        "@sinonjs/fake-timers": "11.1.0",
        "@types/debug": "^4.1.12",
        "@types/estree": "^1.0.6",
        "@types/istanbul-lib-coverage": "^2.0.6",
        "@types/istanbul-reports": "^3.0.4",
        "@types/jsdom": "^21.1.7",
        "@types/micromatch": "^4.0.9",
        "@types/node": "^22.9.0",
        "@types/prompts": "^2.4.9",
        "@types/sinonjs__fake-timers": "^8.1.5",
        "acorn-walk": "^8.3.4",
        "birpc": "0.2.19",
        "cac": "^6.7.14",
        "chai-subset": "^1.6.0",
        "cli-truncate": "^4.0.0",
        "fast-glob": "3.3.2",
        "find-up": "^6.3.0",
        "flatted": "^3.3.1",
        "get-tsconfig": "^4.8.1",
        "happy-dom": "^15.11.4",
        "jsdom": "^25.0.1",
        "local-pkg": "^0.5.0",
        "log-update": "^5.0.1",
        "micromatch": "^4.0.8",
        "pretty-format": "^29.7.0",
        "prompts": "^2.4.2",
        "strip-literal": "^2.1.0",
        "ws": "^8.18.0"
      },
      "engines": {
        "node": "^18.0.0 || >=20.0.0"
      },
      "funding": {
        "url": "https://opencollective.com/vitest"
      },
      "peerDependencies": {
        "@edge-runtime/vm": "*",
        "@types/node": "^18.0.0 || >=20.0.0",
        "@vitest/browser": "2.1.9",
        "@vitest/ui": "2.1.9",
        "happy-dom": "*",
        "jsdom": "*"
      },
      "peerDependenciesMeta": {
        "@edge-runtime/vm": {
          "optional": true
        },
        "@types/node": {
          "optional": true
        },
        "@vitest/browser": {
          "optional": true
        },
        "@vitest/ui": {
          "optional": true
        },
        "happy-dom": {
          "optional": true
        },
        "jsdom": {
          "optional": true
        }
      }
    },
    "../node_modules/.pnpm/zod@4.3.6/node_modules/zod": {
      "version": "4.3.6",
      "license": "MIT",
      "funding": {
        "url": "https://github.com/sponsors/colinhacks"
      }
    },
    "node_modules/@aws-sdk/client-s3": {
      "resolved": "../node_modules/.pnpm/@aws-sdk+client-s3@3.1006.0/node_modules/@aws-sdk/client-s3",
      "link": true
    },
    "node_modules/@aws-sdk/s3-request-presigner": {
      "resolved": "../node_modules/.pnpm/@aws-sdk+s3-request-presigner@3.1006.0/node_modules/@aws-sdk/s3-request-presigner",
      "link": true
    },
    "node_modules/@prisma/client": {
      "resolved": "../node_modules/.pnpm/@prisma+client@5.22.0_prisma@5.22.0/node_modules/@prisma/client",
      "link": true
    },
    "node_modules/@types/bcryptjs": {
      "resolved": "../node_modules/.pnpm/@types+bcryptjs@2.4.6/node_modules/@types/bcryptjs",
      "link": true
    },
    "node_modules/@types/cors": {
      "resolved": "../node_modules/.pnpm/@types+cors@2.8.19/node_modules/@types/cors",
      "link": true
    },
    "node_modules/@types/express": {
      "resolved": "../node_modules/.pnpm/@types+express@5.0.6/node_modules/@types/express",
      "link": true
    },
    "node_modules/@types/jsonwebtoken": {
      "resolved": "../node_modules/.pnpm/@types+jsonwebtoken@9.0.10/node_modules/@types/jsonwebtoken",
      "link": true
    },
    "node_modules/@types/multer": {
      "resolved": "../node_modules/.pnpm/@types+multer@1.4.13/node_modules/@types/multer",
      "link": true
    },
    "node_modules/@types/node": {
      "resolved": "../node_modules/.pnpm/@types+node@22.19.15/node_modules/@types/node",
      "link": true
    },
    "node_modules/@types/nodemailer": {
      "resolved": "../node_modules/.pnpm/@types+nodemailer@7.0.11/node_modules/@types/nodemailer",
      "link": true
    },
    "node_modules/@types/uuid": {
      "resolved": "../node_modules/.pnpm/@types+uuid@10.0.0/node_modules/@types/uuid",
      "link": true
    },
    "node_modules/bcryptjs": {
      "resolved": "../node_modules/.pnpm/bcryptjs@2.4.3/node_modules/bcryptjs",
      "link": true
    },
    "node_modules/bullmq": {
      "resolved": "../node_modules/.pnpm/bullmq@5.70.4/node_modules/bullmq",
      "link": true
    },
    "node_modules/cors": {
      "resolved": "../node_modules/.pnpm/cors@2.8.6/node_modules/cors",
      "link": true
    },
    "node_modules/dotenv": {
      "resolved": "../node_modules/.pnpm/dotenv@16.6.1/node_modules/dotenv",
      "link": true
    },
    "node_modules/exif-reader": {
      "version": "2.0.3",
      "resolved": "https://registry.npmjs.org/exif-reader/-/exif-reader-2.0.3.tgz",
      "integrity": "sha512-zFbQvguwT9JkqyYhR7pjE1Yn8SagwaGLNRU0Oh14xFa1paSf5Gzxn4gxgk0XhnudI0UIqU+HgnBX93+nva592A==",
      "license": "MIT"
    },
    "node_modules/express": {
      "resolved": "../node_modules/.pnpm/express@4.22.1/node_modules/express",
      "link": true
    },
    "node_modules/express-rate-limit": {
      "resolved": "../node_modules/.pnpm/express-rate-limit@7.5.1_express@4.22.1/node_modules/express-rate-limit",
      "link": true
    },
    "node_modules/google-auth-library": {
      "resolved": "../node_modules/.pnpm/google-auth-library@10.6.2/node_modules/google-auth-library",
      "link": true
    },
    "node_modules/helmet": {
      "resolved": "../node_modules/.pnpm/helmet@8.1.0/node_modules/helmet",
      "link": true
    },
    "node_modules/ioredis": {
      "resolved": "../node_modules/.pnpm/ioredis@5.10.0/node_modules/ioredis",
      "link": true
    },
    "node_modules/jsonwebtoken": {
      "resolved": "../node_modules/.pnpm/jsonwebtoken@9.0.3/node_modules/jsonwebtoken",
      "link": true
    },
    "node_modules/libphonenumber-js": {
      "resolved": "../node_modules/.pnpm/libphonenumber-js@1.12.39/node_modules/libphonenumber-js",
      "link": true
    },
    "node_modules/multer": {
      "resolved": "../node_modules/.pnpm/multer@1.4.5-lts.2/node_modules/multer",
      "link": true
    },
    "node_modules/nodemailer": {
      "resolved": "../node_modules/.pnpm/nodemailer@8.0.3/node_modules/nodemailer",
      "link": true
    },
    "node_modules/pino": {
      "resolved": "../node_modules/.pnpm/pino@9.14.0/node_modules/pino",
      "link": true
    },
    "node_modules/pino-http": {
      "resolved": "../node_modules/.pnpm/pino-http@10.5.0/node_modules/pino-http",
      "link": true
    },
    "node_modules/pino-pretty": {
      "resolved": "../node_modules/.pnpm/pino-pretty@11.3.0/node_modules/pino-pretty",
      "link": true
    },
    "node_modules/prisma": {
      "resolved": "../node_modules/.pnpm/prisma@5.22.0/node_modules/prisma",
      "link": true
    },
    "node_modules/rate-limit-redis": {
      "resolved": "../node_modules/.pnpm/rate-limit-redis@4.3.1_expr_b6b31b0958f1233cae7a650f7717c7f9/node_modules/rate-limit-redis",
      "link": true
    },
    "node_modules/tsx": {
      "resolved": "../node_modules/.pnpm/tsx@4.21.0/node_modules/tsx",
      "link": true
    },
    "node_modules/typescript": {
      "resolved": "../node_modules/.pnpm/typescript@5.9.3/node_modules/typescript",
      "link": true
    },
    "node_modules/uuid": {
      "resolved": "../node_modules/.pnpm/uuid@10.0.0/node_modules/uuid",
      "link": true
    },
    "node_modules/vitest": {
      "resolved": "../node_modules/.pnpm/vitest@2.1.9_@types+node@22.19.15/node_modules/vitest",
      "link": true
    },
    "node_modules/zod": {
      "resolved": "../node_modules/.pnpm/zod@4.3.6/node_modules/zod",
      "link": true
    }
  }
}
